
Microsoft Visual Studio Solution File, Format Version 12.00
# Visual Studio Version 17
VisualStudioVersion = 17.0.31903.59
MinimumVisualStudioVersion = 10.0.40219.1
Project("{FAE04EC0-301F-11D3-BF4B-00C04F79EFBC}") = "1. zadatak", "1. zadatak.csproj", "{765D17AA-B96D-4ABA-8DDD-9CD43F903DC2}"
EndProject
Global
	GlobalSection(SolutionConfigurationPlatforms) = preSolution
		Debug|Any CPU = Debug|Any CPU
		Release|Any CPU = Release|Any CPU
	EndGlobalSection
	GlobalSection(ProjectConfigurationPlatforms) = postSolution
		{765D17AA-B96D-4ABA-8DDD-9CD43F903DC2}.Debug|Any CPU.ActiveCfg = Debug|Any CPU
		{765D17AA-B96D-4ABA-8DDD-9CD43F903DC2}.Debug|Any CPU.Build.0 = Debug|Any CPU
		{765D17AA-B96D-4ABA-8DDD-9CD43F903DC2}.Release|Any CPU.ActiveCfg = Release|Any CPU
		{765D17AA-B96D-4ABA-8DDD-9CD43F903DC2}.Release|Any CPU.Build.0 = Release|Any CPU
	EndGlobalSection
	GlobalSection(SolutionProperties) = preSolution
		HideSolutionNode = FALSE
	EndGlobalSection
	GlobalSection(ExtensibilityGlobals) = postSolution
		SolutionGuid = {7CA53EDD-FB9E-4542-B690-9B3416A64725}
	EndGlobalSection
EndGlobal
